
Microsoft Visual Studio Solution File, Format Version 12.00
# Visual Studio Version 17
VisualStudioVersion = 17.1.32421.90
MinimumVisualStudioVersion = 10.0.40219.1
Project("{FAE04EC0-301F-11D3-BF4B-00C04F79EFBC}") = "XwaBackupRestorer", "XwaBackupRestorer\XwaBackupRestorer.csproj", "{A97BF33F-11A5-4F45-BAB5-FBAE8A97743C}"
EndProject
Global
	GlobalSection(SolutionConfigurationPlatforms) = preSolution
		Debug|Any CPU = Debug|Any CPU
		Release|Any CPU = Release|Any CPU
	EndGlobalSection
	GlobalSection(ProjectConfigurationPlatforms) = postSolution
		{A97BF33F-11A5-4F45-BAB5-FBAE8A97743C}.Debug|Any CPU.ActiveCfg = Debug|Any CPU
		{A97BF33F-11A5-4F45-BAB5-FBAE8A97743C}.Debug|Any CPU.Build.0 = Debug|Any CPU
		{A97BF33F-11A5-4F45-BAB5-FBAE8A97743C}.Release|Any CPU.ActiveCfg = Release|Any CPU
		{A97BF33F-11A5-4F45-BAB5-FBAE8A97743C}.Release|Any CPU.Build.0 = Release|Any CPU
	EndGlobalSection
	GlobalSection(SolutionProperties) = preSolution
		HideSolutionNode = FALSE
	EndGlobalSection
	GlobalSection(ExtensibilityGlobals) = postSolution
		SolutionGuid = {B3D1985D-B252-4313-913C-4A08B4120C66}
	EndGlobalSection
EndGlobal
